
Microsoft Visual Studio Solution File, Format Version 12.00
# Visual Studio Version 17
VisualStudioVersion = 17.7.34031.279
MinimumVisualStudioVersion = 10.0.40219.1
Project("{FAE04EC0-301F-11D3-BF4B-00C04F79EFBC}") = "DbContactList", "DbContactList.csproj", "{96B6B25D-71DD-4079-9296-A98C0AB049BB}"
EndProject
Global
	GlobalSection(SolutionConfigurationPlatforms) = preSolution
		Debug|Any CPU = Debug|Any CPU
		Release|Any CPU = Release|Any CPU
	EndGlobalSection
	GlobalSection(ProjectConfigurationPlatforms) = postSolution
		{96B6B25D-71DD-4079-9296-A98C0AB049BB}.Debug|Any CPU.ActiveCfg = Debug|Any CPU
		{96B6B25D-71DD-4079-9296-A98C0AB049BB}.Debug|Any CPU.Build.0 = Debug|Any CPU
		{96B6B25D-71DD-4079-9296-A98C0AB049BB}.Release|Any CPU.ActiveCfg = Release|Any CPU
		{96B6B25D-71DD-4079-9296-A98C0AB049BB}.Release|Any CPU.Build.0 = Release|Any CPU
	EndGlobalSection
	GlobalSection(SolutionProperties) = preSolution
		HideSolutionNode = FALSE
	EndGlobalSection
	GlobalSection(ExtensibilityGlobals) = postSolution
		SolutionGuid = {F2DA7FEC-EB77-4156-8E38-238FCD3F2A7B}
	EndGlobalSection
EndGlobal
